// !$*UTF8*$!
{
	archiveVersion = 1;
	classes = {
	};
	objectVersion = 56;
	objects = {

/* Begin PBXBuildFile section */
		A8FF5CF228FA7C8500FA77A7 /* AppDelegate.swift in Sources */ = {isa = PBXBuildFile; fileRef = A8FF5CF128FA7C8500FA77A7 /* AppDelegate.swift */; };
		A8FF5CF428FA7C8500FA77A7 /* SceneDelegate.swift in Sources */ = {isa = PBXBuildFile; fileRef = A8FF5CF328FA7C8500FA77A7 /* SceneDelegate.swift */; };
		A8FF5CF628FA7C8500FA77A7 /* ViewController.swift in Sources */ = {isa = PBXBuildFile; fileRef = A8FF5CF528FA7C8500FA77A7 /* ViewController.swift */; };
		A8FF5CF928FA7C8500FA77A7 /* Main.storyboard in Resources */ = {isa = PBXBuildFile; fileRef = A8FF5CF728FA7C8500FA77A7 /* Main.storyboard */; };
		A8FF5CFB28FA7C8600FA77A7 /* Assets.xcassets in Resources */ = {isa = PBXBuildFile; fileRef = A8FF5CFA28FA7C8600FA77A7 /* Assets.xcassets */; };
		A8FF5CFE28FA7C8600FA77A7 /* LaunchScreen.storyboard in Resources */ = {isa = PBXBuildFile; fileRef = A8FF5CFC28FA7C8600FA77A7 /* LaunchScreen.storyboard */; };
		A8FF5D0928FA7C8600FA77A7 /* QRScannerTests.swift in Sources */ = {isa = PBXBuildFile; fileRef = A8FF5D0828FA7C8600FA77A7 /* QRScannerTests.swift */; };
		A8FF5D1328FA7C8600FA77A7 /* QRScannerUITests.swift in Sources */ = {isa = PBXBuildFile; fileRef = A8FF5D1228FA7C8600FA77A7 /* QRScannerUITests.swift */; };
		A8FF5D1528FA7C8600FA77A7 /* QRScannerUITestsLaunchTests.swift in Sources */ = {isa = PBXBuildFile; fileRef = A8FF5D1428FA7C8600FA77A7 /* QRScannerUITestsLaunchTests.swift */; };
/* End PBXBuildFile section */

/* Begin PBXContainerItemProxy section */
		A8FF5D0528FA7C8600FA77A7 /* PBXContainerItemProxy */ = {
			isa = PBXContainerItemProxy;
			containerPortal = A8FF5CE628FA7C8500FA77A7 /* Project object */;
			proxyType = 1;
			remoteGlobalIDString = A8FF5CED28FA7C8500FA77A7;
			remoteInfo = QRScanner;
		};
		A8FF5D0F28FA7C8600FA77A7 /* PBXContainerItemProxy */ = {
			isa = PBXContainerItemProxy;
			containerPortal = A8FF5CE628FA7C8500FA77A7 /* Project object */;
			proxyType = 1;
			remoteGlobalIDString = A8FF5CED28FA7C8500FA77A7;
			remoteInfo = QRScanner;
		};
/* End PBXContainerItemProxy section */

/* Begin PBXFileReference section */
		A8FF5CEE28FA7C8500FA77A7 /* QRScanner.app */ = {isa = PBXFileReference; explicitFileType = wrapper.application; includeInIndex = 0; path = QRScanner.app; sourceTree = BUILT_PRODUCTS_DIR; };
		A8FF5CF128FA7C8500FA77A7 /* AppDelegate.swift */ = {isa = PBXFileReference; lastKnownFileType = sourcecode.swift; path = AppDelegate.swift; sourceTree = "<group>"; };
		A8FF5CF328FA7C8500FA77A7 /* SceneDelegate.swift */ = {isa = PBXFileReference; lastKnownFileType = sourcecode.swift; path = SceneDelegate.swift; sourceTree = "<group>"; };
		A8FF5CF528FA7C8500FA77A7 /* ViewController.swift */ = {isa = PBXFileReference; lastKnownFileType = sourcecode.swift; path = ViewController.swift; sourceTree = "<group>"; };
		A8FF5CF828FA7C8500FA77A7 /* Base */ = {isa = PBXFileReference; lastKnownFileType = file.storyboard; name = Base; path = Base.lproj/Main.storyboard; sourceTree = "<group>"; };
		A8FF5CFA28FA7C8600FA77A7 /* Assets.xcassets */ = {isa = PBXFileReference; lastKnownFileType = folder.assetcatalog; path = Assets.xcassets; sourceTree = "<group>"; };
		A8FF5CFD28FA7C8600FA77A7 /* Base */ = {isa = PBXFileReference; lastKnownFileType = file.storyboard; name = Base; path = Base.lproj/LaunchScreen.storyboard; sourceTree = "<group>"; };
		A8FF5CFF28FA7C8600FA77A7 /* Info.plist */ = {isa = PBXFileReference; lastKnownFileType = text.plist.xml; path = Info.plist; sourceTree = "<group>"; };
		A8FF5D0428FA7C8600FA77A7 /* QRScannerTests.xctest */ = {isa = PBXFileReference; explicitFileType = wrapper.cfbundle; includeInIndex = 0; path = QRScannerTests.xctest; sourceTree = BUILT_PRODUCTS_DIR; };
		A8FF5D0828FA7C8600FA77A7 /* QRScannerTests.swift */ = {isa = PBXFileReference; lastKnownFileType = sourcecode.swift; path = QRScannerTests.swift; sourceTree = "<group>"; };
		A8FF5D0E28FA7C8600FA77A7 /* QRScannerUITests.xctest */ = {isa = PBXFileReference; explicitFileType = wrapper.cfbundle; includeInIndex = 0; path = QRScannerUITests.xctest; sourceTree = BUILT_PRODUCTS_DIR; };
		A8FF5D1228FA7C8600FA77A7 /* QRScannerUITests.swift */ = {isa = PBXFileReference; lastKnownFileType = sourcecode.swift; path = QRScannerUITests.swift; sourceTree = "<group>"; };
		A8FF5D1428FA7C8600FA77A7 /* QRScannerUITestsLaunchTests.swift */ = {isa = PBXFileReference; lastKnownFileType = sourcecode.swift; path = QRScannerUITestsLaunchTests.swift; sourceTree = "<group>"; };
/* End PBXFileReference section */

/* Begin PBXFrameworksBuildPhase section */
		A8FF5CEB28FA7C8500FA77A7 /* Frameworks */ = {
			isa = PBXFrameworksBuildPhase;
			buildActionMask = 2147483647;
			files = (
			);
			runOnlyForDeploymentPostprocessing = 0;
		};
		A8FF5D0128FA7C8600FA77A7 /* Frameworks */ = {
			isa = PBXFrameworksBuildPhase;
			buildActionMask = 2147483647;
			files = (
			);
			runOnlyForDeploymentPostprocessing = 0;
		};
		A8FF5D0B28FA7C8600FA77A7 /* Frameworks */ = {
			isa = PBXFrameworksBuildPhase;
			buildActionMask = 2147483647;
			files = (
			);
			runOnlyForDeploymentPostprocessing = 0;
		};
/* End PBXFrameworksBuildPhase section */

/* Begin PBXGroup section */
		A8FF5CE528FA7C8500FA77A7 = {
			isa = PBXGroup;
			children = (
				A8FF5CF028FA7C8500FA77A7 /* QRScanner */,
				A8FF5D0728FA7C8600FA77A7 /* QRScannerTests */,
				A8FF5D1128FA7C8600FA77A7 /* QRScannerUITests */,
				A8FF5CEF28FA7C8500FA77A7 /* Products */,
			);
			sourceTree = "<group>";
		};
		A8FF5CEF28FA7C8500FA77A7 /* Products */ = {
			isa = PBXGroup;
			children = (
				A8FF5CEE28FA7C8500FA77A7 /* QRScanner.app */,
				A8FF5D0428FA7C8600FA77A7 /* QRScannerTests.xctest */,
				A8FF5D0E28FA7C8600FA77A7 /* QRScannerUITests.xctest */,
			);
			name = Products;
			sourceTree = "<group>";
		};
		A8FF5CF028FA7C8500FA77A7 /* QRScanner */ = {
			isa = PBXGroup;
			children = (
				A8FF5CF128FA7C8500FA77A7 /* AppDelegate.swift */,
				A8FF5CF328FA7C8500FA77A7 /* SceneDelegate.swift */,
				A8FF5CF528FA7C8500FA77A7 /* ViewController.swift */,
				A8FF5CF728FA7C8500FA77A7 /* Main.storyboard */,
				A8FF5CFA28FA7C8600FA77A7 /* Assets.xcassets */,
				A8FF5CFC28FA7C8600FA77A7 /* LaunchScreen.storyboard */,
				A8FF5CFF28FA7C8600FA77A7 /* Info.plist */,
			);
			path = QRScanner;
			sourceTree = "<group>";
		};
		A8FF5D0728FA7C8600FA77A7 /* QRScannerTests */ = {
			isa = PBXGroup;
			children = (
				A8FF5D0828FA7C8600FA77A7 /* QRScannerTests.swift */,
			);
			path = QRScannerTests;
			sourceTree = "<group>";
		};
		A8FF5D1128FA7C8600FA77A7 /* QRScannerUITests */ = {
			isa = PBXGroup;
			children = (
				A8FF5D1228FA7C8600FA77A7 /* QRScannerUITests.swift */,
				A8FF5D1428FA7C8600FA77A7 /* QRScannerUITestsLaunchTests.swift */,
			);
			path = QRScannerUITests;
			sourceTree = "<group>";
		};
/* End PBXGroup section */

/* Begin PBXNativeTarget section */
		A8FF5CED28FA7C8500FA77A7 /* QRScanner */ = {
			isa = PBXNativeTarget;
			buildConfigurationList = A8FF5D1828FA7C8600FA77A7 /* Build configuration list for PBXNativeTarget "QRScanner" */;
			buildPhases = (
				A8FF5CEA28FA7C8500FA77A7 /* Sources */,
				A8FF5CEB28FA7C8500FA77A7 /* Frameworks */,
				A8FF5CEC28FA7C8500FA77A7 /* Resources */,
			);
			buildRules = (
			);
			dependencies = (
			);
			name = QRScanner;
			productName = QRScanner;
			productReference = A8FF5CEE28FA7C8500FA77A7 /* QRScanner.app */;
			productType = "com.apple.product-type.application";
		};
		A8FF5D0328FA7C8600FA77A7 /* QRScannerTests */ = {
			isa = PBXNativeTarget;
			buildConfigurationList = A8FF5D1B28FA7C8600FA77A7 /* Build configuration list for PBXNativeTarget "QRScannerTests" */;
			buildPhases = (
				A8FF5D0028FA7C8600FA77A7 /* Sources */,
				A8FF5D0128FA7C8600FA77A7 /* Frameworks */,
				A8FF5D0228FA7C8600FA77A7 /* Resources */,
			);
			buildRules = (
			);
			dependencies = (
				A8FF5D0628FA7C8600FA77A7 /* PBXTargetDependency */,
			);
			name = QRScannerTests;
			productName = QRScannerTests;
			productReference = A8FF5D0428FA7C8600FA77A7 /* QRScannerTests.xctest */;
			productType = "com.apple.product-type.bundle.unit-test";
		};
		A8FF5D0D28FA7C8600FA77A7 /* QRScannerUITests */ = {
			isa = PBXNativeTarget;
			buildConfigurationList = A8FF5D1E28FA7C8600FA77A7 /* Build configuration list for PBXNativeTarget "QRScannerUITests" */;
			buildPhases = (
				A8FF5D0A28FA7C8600FA77A7 /* Sources */,
				A8FF5D0B28FA7C8600FA77A7 /* Frameworks */,
				A8FF5D0C28FA7C8600FA77A7 /* Resources */,
			);
			buildRules = (
			);
			dependencies = (
				A8FF5D1028FA7C8600FA77A7 /* PBXTargetDependency */,
			);
			name = QRScannerUITests;
			productName = QRScannerUITests;
			productReference = A8FF5D0E28FA7C8600FA77A7 /* QRScannerUITests.xctest */;
			productType = "com.apple.product-type.bundle.ui-testing";
		};
/* End PBXNativeTarget section */

/* Begin PBXProject section */
		A8FF5CE628FA7C8500FA77A7 /* Project object */ = {
			isa = PBXProject;
			attributes = {
				BuildIndependentTargetsInParallel = 1;
				LastSwiftUpdateCheck = 1400;
				LastUpgradeCheck = 1400;
				TargetAttributes = {
					A8FF5CED28FA7C8500FA77A7 = {
						CreatedOnToolsVersion = 14.0;
					};
					A8FF5D0328FA7C8600FA77A7 = {
						CreatedOnToolsVersion = 14.0;
						TestTargetID = A8FF5CED28FA7C8500FA77A7;
					};
					A8FF5D0D28FA7C8600FA77A7 = {
						CreatedOnToolsVersion = 14.0;
						TestTargetID = A8FF5CED28FA7C8500FA77A7;
					};
				};
			};
			buildConfigurationList = A8FF5CE928FA7C8500FA77A7 /* Build configuration list for PBXProject "QRScanner" */;
			compatibilityVersion = "Xcode 14.0";
			developmentRegion = en;
			hasScannedForEncodings = 0;
			knownRegions = (
				en,
				Base,
			);
			mainGroup = A8FF5CE528FA7C8500FA77A7;
			productRefGroup = A8FF5CEF28FA7C8500FA77A7 /* Products */;
			projectDirPath = "";
			projectRoot = "";
			targets = (
				A8FF5CED28FA7C8500FA77A7 /* QRScanner */,
				A8FF5D0328FA7C8600FA77A7 /* QRScannerTests */,
				A8FF5D0D28FA7C8600FA77A7 /* QRScannerUITests */,
			);
		};
/* End PBXProject section */

/* Begin PBXResourcesBuildPhase section */
		A8FF5CEC28FA7C8500FA77A7 /* Resources */ = {
			isa = PBXResourcesBuildPhase;
			buildActionMask = 2147483647;
			files = (
				A8FF5CFE28FA7C8600FA77A7 /* LaunchScreen.storyboard in Resources */,
				A8FF5CFB28FA7C8600FA77A7 /* Assets.xcassets in Resources */,
				A8FF5CF928FA7C8500FA77A7 /* Main.storyboard in Resources */,
			);
			runOnlyForDeploymentPostprocessing = 0;
		};
		A8FF5D0228FA7C8600FA77A7 /* Resources */ = {
			isa = PBXResourcesBuildPhase;
			buildActionMask = 2147483647;
			files = (
			);
			runOnlyForDeploymentPostprocessing = 0;
		};
		A8FF5D0C28FA7C8600FA77A7 /* Resources */ = {
			isa = PBXResourcesBuildPhase;
			buildActionMask = 2147483647;
			files = (
			);
			runOnlyForDeploymentPostprocessing = 0;
		};
/* End PBXResourcesBuildPhase section */

/* Begin PBXSourcesBuildPhase section */
		A8FF5CEA28FA7C8500FA77A7 /* Sources */ = {
			isa = PBXSourcesBuildPhase;
			buildActionMask = 2147483647;
			files = (
				A8FF5CF628FA7C8500FA77A7 /* ViewController.swift in Sources */,
				A8FF5CF228FA7C8500FA77A7 /* AppDelegate.swift in Sources */,
				A8FF5CF428FA7C8500FA77A7 /* SceneDelegate.swift in Sources */,
			);
			runOnlyForDeploymentPostprocessing = 0;
		};
		A8FF5D0028FA7C8600FA77A7 /* Sources */ = {
			isa = PBXSourcesBuildPhase;
			buildActionMask = 2147483647;
			files = (
				A8FF5D0928FA7C8600FA77A7 /* QRScannerTests.swift in Sources */,
			);
			runOnlyForDeploymentPostprocessing = 0;
		};
		A8FF5D0A28FA7C8600FA77A7 /* Sources */ = {
			isa = PBXSourcesBuildPhase;
			buildActionMask = 2147483647;
			files = (
				A8FF5D1528FA7C8600FA77A7 /* QRScannerUITestsLaunchTests.swift in Sources */,
				A8FF5D1328FA7C8600FA77A7 /* QRScannerUITests.swift in Sources */,
			);
			runOnlyForDeploymentPostprocessing = 0;
		};
/* End PBXSourcesBuildPhase section */

/* Begin PBXTargetDependency section */
		A8FF5D0628FA7C8600FA77A7 /* PBXTargetDependency */ = {
			isa = PBXTargetDependency;
			target = A8FF5CED28FA7C8500FA77A7 /* QRScanner */;
			targetProxy = A8FF5D0528FA7C8600FA77A7 /* PBXContainerItemProxy */;
		};
		A8FF5D1028FA7C8600FA77A7 /* PBXTargetDependency */ = {
			isa = PBXTargetDependency;
			target = A8FF5CED28FA7C8500FA77A7 /* QRScanner */;
			targetProxy = A8FF5D0F28FA7C8600FA77A7 /* PBXContainerItemProxy */;
		};
/* End PBXTargetDependency section */

/* Begin PBXVariantGroup section */
		A8FF5CF728FA7C8500FA77A7 /* Main.storyboard */ = {
			isa = PBXVariantGroup;
			children = (
				A8FF5CF828FA7C8500FA77A7 /* Base */,
			);
			name = Main.storyboard;
			sourceTree = "<group>";
		};
		A8FF5CFC28FA7C8600FA77A7 /* LaunchScreen.storyboard */ = {
			isa = PBXVariantGroup;
			children = (
				A8FF5CFD28FA7C8600FA77A7 /* Base */,
			);
			name = LaunchScreen.storyboard;
			sourceTree = "<group>";
		};
/* End PBXVariantGroup section */

/* Begin XCBuildConfiguration section */
		A8FF5D1628FA7C8600FA77A7 /* Debug */ = {
			isa = XCBuildConfiguration;
			buildSettings = {
				ALWAYS_SEARCH_USER_PATHS = NO;
				CLANG_ANALYZER_NONNULL = YES;
				CLANG_ANALYZER_NUMBER_OBJECT_CONVERSION = YES_AGGRESSIVE;
				CLANG_CXX_LANGUAGE_STANDARD = "gnu++20";
				CLANG_ENABLE_MODULES = YES;
				CLANG_ENABLE_OBJC_ARC = YES;
				CLANG_ENABLE_OBJC_WEAK = YES;
				CLANG_WARN_BLOCK_CAPTURE_AUTORELEASING = YES;
				CLANG_WARN_BOOL_CONVERSION = YES;
				CLANG_WARN_COMMA = YES;
				CLANG_WARN_CONSTANT_CONVERSION = YES;
				CLANG_WARN_DEPRECATED_OBJC_IMPLEMENTATIONS = YES;
				CLANG_WARN_DIRECT_OBJC_ISA_USAGE = YES_ERROR;
				CLANG_WARN_DOCUMENTATION_COMMENTS = YES;
				CLANG_WARN_EMPTY_BODY = YES;
				CLANG_WARN_ENUM_CONVERSION = YES;
				CLANG_WARN_INFINITE_RECURSION = YES;
				CLANG_WARN_INT_CONVERSION = YES;
				CLANG_WARN_NON_LITERAL_NULL_CONVERSION = YES;
				CLANG_WARN_OBJC_IMPLICIT_RETAIN_SELF = YES;
				CLANG_WARN_OBJC_LITERAL_CONVERSION = YES;
				CLANG_WARN_OBJC_ROOT_CLASS = YES_ERROR;
				CLANG_WARN_QUOTED_INCLUDE_IN_FRAMEWORK_HEADER = YES;
				CLANG_WARN_RANGE_LOOP_ANALYSIS = YES;
				CLANG_WARN_STRICT_PROTOTYPES = YES;
				CLANG_WARN_SUSPICIOUS_MOVE = YES;
				CLANG_WARN_UNGUARDED_AVAILABILITY = YES_AGGRESSIVE;
				CLANG_WARN_UNREACHABLE_CODE = YES;
				CLANG_WARN__DUPLICATE_METHOD_MATCH = YES;
				COPY_PHASE_STRIP = NO;
				DEBUG_INFORMATION_FORMAT = dwarf;
				ENABLE_STRICT_OBJC_MSGSEND = YES;
				ENABLE_TESTABILITY = YES;
				GCC_C_LANGUAGE_STANDARD = gnu11;
				GCC_DYNAMIC_NO_PIC = NO;
				GCC_NO_COMMON_BLOCKS = YES;
				GCC_OPTIMIZATION_LEVEL = 0;
				GCC_PREPROCESSOR_DEFINITIONS = (
					"DEBUG=1",
					"$(inherited)",
				);
				GCC_WARN_64_TO_32_BIT_CONVERSION = YES;
				GCC_WARN_ABOUT_RETURN_TYPE = YES_ERROR;
				GCC_WARN_UNDECLARED_SELECTOR = YES;
				GCC_WARN_UNINITIALIZED_AUTOS = YES_AGGRESSIVE;
				GCC_WARN_UNUSED_FUNCTION = YES;
				GCC_WARN_UNUSED_VARIABLE = YES;
				IPHONEOS_DEPLOYMENT_TARGET = 16.0;
				MTL_ENABLE_DEBUG_INFO = INCLUDE_SOURCE;
				MTL_FAST_MATH = YES;
				ONLY_ACTIVE_ARCH = YES;
				SDKROOT = iphoneos;
				SWIFT_ACTIVE_COMPILATION_CONDITIONS = DEBUG;
				SWIFT_OPTIMIZATION_LEVEL = "-Onone";
			};
			name = Debug;
		};
		A8FF5D1728FA7C8600FA77A7 /* Release */ = {
			isa = XCBuildConfiguration;
			buildSettings = {
				ALWAYS_SEARCH_USER_PATHS = NO;
				CLANG_ANALYZER_NONNULL = YES;
				CLANG_ANALYZER_NUMBER_OBJECT_CONVERSION = YES_AGGRESSIVE;
				CLANG_CXX_LANGUAGE_STANDARD = "gnu++20";
				CLANG_ENABLE_MODULES = YES;
				CLANG_ENABLE_OBJC_ARC = YES;
				CLANG_ENABLE_OBJC_WEAK = YES;
				CLANG_WARN_BLOCK_CAPTURE_AUTORELEASING = YES;
				CLANG_WARN_BOOL_CONVERSION = YES;
				CLANG_WARN_COMMA = YES;
				CLANG_WARN_CONSTANT_CONVERSION = YES;
				CLANG_WARN_DEPRECATED_OBJC_IMPLEMENTATIONS = YES;
				CLANG_WARN_DIRECT_OBJC_ISA_USAGE = YES_ERROR;
				CLANG_WARN_DOCUMENTATION_COMMENTS = YES;
				CLANG_WARN_EMPTY_BODY = YES;
				CLANG_WARN_ENUM_CONVERSION = YES;
				CLANG_WARN_INFINITE_RECURSION = YES;
				CLANG_WARN_INT_CONVERSION = YES;
				CLANG_WARN_NON_LITERAL_NULL_CONVERSION = YES;
				CLANG_WARN_OBJC_IMPLICIT_RETAIN_SELF = YES;
				CLANG_WARN_OBJC_LITERAL_CONVERSION = YES;
				CLANG_WARN_OBJC_ROOT_CLASS = YES_ERROR;
				CLANG_WARN_QUOTED_INCLUDE_IN_FRAMEWORK_HEADER = YES;
				CLANG_WARN_RANGE_LOOP_ANALYSIS = YES;
				CLANG_WARN_STRICT_PROTOTYPES = YES;
				CLANG_WARN_SUSPICIOUS_MOVE = YES;
				CLANG_WARN_UNGUARDED_AVAILABILITY = YES_AGGRESSIVE;
				CLANG_WARN_UNREACHABLE_CODE = YES;
				CLANG_WARN__DUPLICATE_METHOD_MATCH = YES;
				COPY_PHASE_STRIP = NO;
				DEBUG_INFORMATION_FORMAT = "dwarf-with-dsym";
				ENABLE_NS_ASSERTIONS = NO;
				ENABLE_STRICT_OBJC_MSGSEND = YES;
				GCC_C_LANGUAGE_STANDARD = gnu11;
				GCC_NO_COMMON_BLOCKS = YES;
				GCC_WARN_64_TO_32_BIT_CONVERSION = YES;
				GCC_WARN_ABOUT_RETURN_TYPE = YES_ERROR;
				GCC_WARN_UNDECLARED_SELECTOR = YES;
				GCC_WARN_UNINITIALIZED_AUTOS = YES_AGGRESSIVE;
				GCC_WARN_UNUSED_FUNCTION = YES;
				GCC_WARN_UNUSED_VARIABLE = YES;
				IPHONEOS_DEPLOYMENT_TARGET = 16.0;
				MTL_ENABLE_DEBUG_INFO = NO;
				MTL_FAST_MATH = YES;
				SDKROOT = iphoneos;
				SWIFT_COMPILATION_MODE = wholemodule;
				SWIFT_OPTIMIZATION_LEVEL = "-O";
				VALIDATE_PRODUCT = YES;
			};
			name = Release;
		};
		A8FF5D1928FA7C8600FA77A7 /* Debug */ = {
			isa = XCBuildConfiguration;
			buildSettings = {
				ASSETCATALOG_COMPILER_APPICON_NAME = AppIcon;
				ASSETCATALOG_COMPILER_GLOBAL_ACCENT_COLOR_NAME = AccentColor;
				CODE_SIGN_STYLE = Automatic;
				CURRENT_PROJECT_VERSION = 1;
				GENERATE_INFOPLIST_FILE = YES;
				INFOPLIST_FILE = QRScanner/Info.plist;
				INFOPLIST_KEY_UIApplicationSupportsIndirectInputEvents = YES;
				INFOPLIST_KEY_UILaunchStoryboardName = LaunchScreen;
				INFOPLIST_KEY_UIMainStoryboardFile = Main;
				INFOPLIST_KEY_UISupportedInterfaceOrientations_iPad = "UIInterfaceOrientationPortrait UIInterfaceOrientationPortraitUpsideDown UIInterfaceOrientationLandscapeLeft UIInterfaceOrientationLandscapeRight";
				INFOPLIST_KEY_UISupportedInterfaceOrientations_iPhone = "UIInterfaceOrientationPortrait UIInterfaceOrientationLandscapeLeft UIInterfaceOrientationLandscapeRight";
				LD_RUNPATH_SEARCH_PATHS = (
					"$(inherited)",
					"@executable_path/Frameworks",
				);
				MARKETING_VERSION = 1.0;
				PRODUCT_BUNDLE_IDENTIFIER = www.xcodePractices.QRScanner;
				PRODUCT_NAME = "$(TARGET_NAME)";
				SWIFT_EMIT_LOC_STRINGS = YES;
				SWIFT_VERSION = 5.0;
				TARGETED_DEVICE_FAMILY = "1,2";
			};
			name = Debug;
		};
		A8FF5D1A28FA7C8600FA77A7 /* Release */ = {
			isa = XCBuildConfiguration;
			buildSettings = {
				ASSETCATALOG_COMPILER_APPICON_NAME = AppIcon;
				ASSETCATALOG_COMPILER_GLOBAL_ACCENT_COLOR_NAME = AccentColor;
				CODE_SIGN_STYLE = Automatic;
				CURRENT_PROJECT_VERSION = 1;
				GENERATE_INFOPLIST_FILE = YES;
				INFOPLIST_FILE = QRScanner/Info.plist;
				INFOPLIST_KEY_UIApplicationSupportsIndirectInputEvents = YES;
				INFOPLIST_KEY_UILaunchStoryboardName = LaunchScreen;
				INFOPLIST_KEY_UIMainStoryboardFile = Main;
				INFOPLIST_KEY_UISupportedInterfaceOrientations_iPad = "UIInterfaceOrientationPortrait UIInterfaceOrientationPortraitUpsideDown UIInterfaceOrientationLandscapeLeft UIInterfaceOrientationLandscapeRight";
				INFOPLIST_KEY_UISupportedInterfaceOrientations_iPhone = "UIInterfaceOrientationPortrait UIInterfaceOrientationLandscapeLeft UIInterfaceOrientationLandscapeRight";
				LD_RUNPATH_SEARCH_PATHS = (
					"$(inherited)",
					"@executable_path/Frameworks",
				);
				MARKETING_VERSION = 1.0;
				PRODUCT_BUNDLE_IDENTIFIER = www.xcodePractices.QRScanner;
				PRODUCT_NAME = "$(TARGET_NAME)";
				SWIFT_EMIT_LOC_STRINGS = YES;
				SWIFT_VERSION = 5.0;
				TARGETED_DEVICE_FAMILY = "1,2";
			};
			name = Release;
		};
		A8FF5D1C28FA7C8600FA77A7 /* Debug */ = {
			isa = XCBuildConfiguration;
			buildSettings = {
				ALWAYS_EMBED_SWIFT_STANDARD_LIBRARIES = YES;
				BUNDLE_LOADER = "$(TEST_HOST)";
				CODE_SIGN_STYLE = Automatic;
				CURRENT_PROJECT_VERSION = 1;
				GENERATE_INFOPLIST_FILE = YES;
				IPHONEOS_DEPLOYMENT_TARGET = 16.0;
				MARKETING_VERSION = 1.0;
				PRODUCT_BUNDLE_IDENTIFIER = www.xcodePractices.QRScannerTests;
				PRODUCT_NAME = "$(TARGET_NAME)";
				SWIFT_EMIT_LOC_STRINGS = NO;
				SWIFT_VERSION = 5.0;
				TARGETED_DEVICE_FAMILY = "1,2";
				TEST_HOST = "$(BUILT_PRODUCTS_DIR)/QRScanner.app/$(BUNDLE_EXECUTABLE_FOLDER_PATH)/QRScanner";
			};
			name = Debug;
		};
		A8FF5D1D28FA7C8600FA77A7 /* Release */ = {
			isa = XCBuildConfiguration;
			buildSettings = {
				ALWAYS_EMBED_SWIFT_STANDARD_LIBRARIES = YES;
				BUNDLE_LOADER = "$(TEST_HOST)";
				CODE_SIGN_STYLE = Automatic;
				CURRENT_PROJECT_VERSION = 1;
				GENERATE_INFOPLIST_FILE = YES;
				IPHONEOS_DEPLOYMENT_TARGET = 16.0;
				MARKETING_VERSION = 1.0;
				PRODUCT_BUNDLE_IDENTIFIER = www.xcodePractices.QRScannerTests;
				PRODUCT_NAME = "$(TARGET_NAME)";
				SWIFT_EMIT_LOC_STRINGS = NO;
				SWIFT_VERSION = 5.0;
				TARGETED_DEVICE_FAMILY = "1,2";
				TEST_HOST = "$(BUILT_PRODUCTS_DIR)/QRScanner.app/$(BUNDLE_EXECUTABLE_FOLDER_PATH)/QRScanner";
			};
			name = Release;
		};
		A8FF5D1F28FA7C8600FA77A7 /* Debug */ = {
			isa = XCBuildConfiguration;
			buildSettings = {
				ALWAYS_EMBED_SWIFT_STANDARD_LIBRARIES = YES;
				CODE_SIGN_STYLE = Automatic;
				CURRENT_PROJECT_VERSION = 1;
				GENERATE_INFOPLIST_FILE = YES;
				MARKETING_VERSION = 1.0;
				PRODUCT_BUNDLE_IDENTIFIER = www.xcodePractices.QRScannerUITests;
				PRODUCT_NAME = "$(TARGET_NAME)";
				SWIFT_EMIT_LOC_STRINGS = NO;
				SWIFT_VERSION = 5.0;
				TARGETED_DEVICE_FAMILY = "1,2";
				TEST_TARGET_NAME = QRScanner;
			};
			name = Debug;
		};
		A8FF5D2028FA7C8600FA77A7 /* Release */ = {
			isa = XCBuildConfiguration;
			buildSettings = {
				ALWAYS_EMBED_SWIFT_STANDARD_LIBRARIES = YES;
				CODE_SIGN_STYLE = Automatic;
				CURRENT_PROJECT_VERSION = 1;
				GENERATE_INFOPLIST_FILE = YES;
				MARKETING_VERSION = 1.0;
				PRODUCT_BUNDLE_IDENTIFIER = www.xcodePractices.QRScannerUITests;
				PRODUCT_NAME = "$(TARGET_NAME)";
				SWIFT_EMIT_LOC_STRINGS = NO;
				SWIFT_VERSION = 5.0;
				TARGETED_DEVICE_FAMILY = "1,2";
				TEST_TARGET_NAME = QRScanner;
			};
			name = Release;
		};
/* End XCBuildConfiguration section */

/* Begin XCConfigurationList section */
		A8FF5CE928FA7C8500FA77A7 /* Build configuration list for PBXProject "QRScanner" */ = {
			isa = XCConfigurationList;
			buildConfigurations = (
				A8FF5D1628FA7C8600FA77A7 /* Debug */,
				A8FF5D1728FA7C8600FA77A7 /* Release */,
			);
			defaultConfigurationIsVisible = 0;
			defaultConfigurationName = Release;
		};
		A8FF5D1828FA7C8600FA77A7 /* Build configuration list for PBXNativeTarget "QRScanner" */ = {
			isa = XCConfigurationList;
			buildConfigurations = (
				A8FF5D1928FA7C8600FA77A7 /* Debug */,
				A8FF5D1A28FA7C8600FA77A7 /* Release */,
			);
			defaultConfigurationIsVisible = 0;
			defaultConfigurationName = Release;
		};
		A8FF5D1B28FA7C8600FA77A7 /* Build configuration list for PBXNativeTarget "QRScannerTests" */ = {
			isa = XCConfigurationList;
			buildConfigurations = (
				A8FF5D1C28FA7C8600FA77A7 /* Debug */,
				A8FF5D1D28FA7C8600FA77A7 /* Release */,
			);
			defaultConfigurationIsVisible = 0;
			defaultConfigurationName = Release;
		};
		A8FF5D1E28FA7C8600FA77A7 /* Build configuration list for PBXNativeTarget "QRScannerUITests" */ = {
			isa = XCConfigurationList;
			buildConfigurations = (
				A8FF5D1F28FA7C8600FA77A7 /* Debug */,
				A8FF5D2028FA7C8600FA77A7 /* Release */,
			);
			defaultConfigurationIsVisible = 0;
			defaultConfigurationName = Release;
		};
/* End XCConfigurationList section */
	};
	rootObject = A8FF5CE628FA7C8500FA77A7 /* Project object */;
}
